
Microsoft Visual Studio Solution File, Format Version 12.00
# Visual Studio Version 17
VisualStudioVersion = 17.8.34525.116
MinimumVisualStudioVersion = 10.0.40219.1
Project("{FAE04EC0-301F-11D3-BF4B-00C04F79EFBC}") = "lista_ex3", "lista_ex3\lista_ex3.csproj", "{7CB1E149-1FFE-4B3C-9E72-1B92F50A0841}"
EndProject
Global
	GlobalSection(SolutionConfigurationPlatforms) = preSolution
		Debug|Any CPU = Debug|Any CPU
		Release|Any CPU = Release|Any CPU
	EndGlobalSection
	GlobalSection(ProjectConfigurationPlatforms) = postSolution
		{7CB1E149-1FFE-4B3C-9E72-1B92F50A0841}.Debug|Any CPU.ActiveCfg = Debug|Any CPU
		{7CB1E149-1FFE-4B3C-9E72-1B92F50A0841}.Debug|Any CPU.Build.0 = Debug|Any CPU
		{7CB1E149-1FFE-4B3C-9E72-1B92F50A0841}.Release|Any CPU.ActiveCfg = Release|Any CPU
		{7CB1E149-1FFE-4B3C-9E72-1B92F50A0841}.Release|Any CPU.Build.0 = Release|Any CPU
	EndGlobalSection
	GlobalSection(SolutionProperties) = preSolution
		HideSolutionNode = FALSE
	EndGlobalSection
	GlobalSection(ExtensibilityGlobals) = postSolution
		SolutionGuid = {C2664A66-7777-470E-85DB-4FC8D6D3B68C}
	EndGlobalSection
EndGlobal
